// !$*UTF8*$!
{
	archiveVersion = 1;
	classes = {
	};
	objectVersion = 55;
	objects = {

/* Begin PBXBuildFile section */
		7BF43D292742E81B0021EF50 /* CandyApp.swift in Sources */ = {isa = PBXBuildFile; fileRef = 7BF43D282742E81B0021EF50 /* CandyApp.swift */; };
		7BF43D2B2742E81B0021EF50 /* ContentView.swift in Sources */ = {isa = PBXBuildFile; fileRef = 7BF43D2A2742E81B0021EF50 /* ContentView.swift */; };
		7BF43D2D2742E81C0021EF50 /* Assets.xcassets in Resources */ = {isa = PBXBuildFile; fileRef = 7BF43D2C2742E81C0021EF50 /* Assets.xcassets */; };
		7BF43D302742E81C0021EF50 /* Preview Assets.xcassets in Resources */ = {isa = PBXBuildFile; fileRef = 7BF43D2F2742E81C0021EF50 /* Preview Assets.xcassets */; };
		7BF43D3A2742F90B0021EF50 /* Nunito-Regular.ttf in Resources */ = {isa = PBXBuildFile; fileRef = 7BF43D392742F90B0021EF50 /* Nunito-Regular.ttf */; };
		7BF43D3C2742F9200021EF50 /* Nunito-Bold.ttf in Resources */ = {isa = PBXBuildFile; fileRef = 7BF43D3B2742F9200021EF50 /* Nunito-Bold.ttf */; };
		7BF43D43274307CC0021EF50 /* Color.swift in Sources */ = {isa = PBXBuildFile; fileRef = 7BF43D42274307CC0021EF50 /* Color.swift */; };
		7BF43D452743130B0021EF50 /* AppMoney.swift in Sources */ = {isa = PBXBuildFile; fileRef = 7BF43D442743130B0021EF50 /* AppMoney.swift */; };
/* End PBXBuildFile section */

/* Begin PBXFileReference section */
		7BF43D252742E81B0021EF50 /* Candy.app */ = {isa = PBXFileReference; explicitFileType = wrapper.application; includeInIndex = 0; path = Candy.app; sourceTree = BUILT_PRODUCTS_DIR; };
		7BF43D282742E81B0021EF50 /* CandyApp.swift */ = {isa = PBXFileReference; lastKnownFileType = sourcecode.swift; path = CandyApp.swift; sourceTree = "<group>"; };
		7BF43D2A2742E81B0021EF50 /* ContentView.swift */ = {isa = PBXFileReference; lastKnownFileType = sourcecode.swift; path = ContentView.swift; sourceTree = "<group>"; };
		7BF43D2C2742E81C0021EF50 /* Assets.xcassets */ = {isa = PBXFileReference; lastKnownFileType = folder.assetcatalog; path = Assets.xcassets; sourceTree = "<group>"; };
		7BF43D2F2742E81C0021EF50 /* Preview Assets.xcassets */ = {isa = PBXFileReference; lastKnownFileType = folder.assetcatalog; path = "Preview Assets.xcassets"; sourceTree = "<group>"; };
		7BF43D392742F90B0021EF50 /* Nunito-Regular.ttf */ = {isa = PBXFileReference; lastKnownFileType = file; path = "Nunito-Regular.ttf"; sourceTree = "<group>"; };
		7BF43D3B2742F9200021EF50 /* Nunito-Bold.ttf */ = {isa = PBXFileReference; lastKnownFileType = file; path = "Nunito-Bold.ttf"; sourceTree = "<group>"; };
		7BF43D3D2742F9270021EF50 /* Info.plist */ = {isa = PBXFileReference; lastKnownFileType = text.plist; path = Info.plist; sourceTree = "<group>"; };
		7BF43D42274307CC0021EF50 /* Color.swift */ = {isa = PBXFileReference; fileEncoding = 4; lastKnownFileType = sourcecode.swift; name = Color.swift; path = Candy/Color.swift; sourceTree = SOURCE_ROOT; };
		7BF43D442743130B0021EF50 /* AppMoney.swift */ = {isa = PBXFileReference; lastKnownFileType = sourcecode.swift; path = AppMoney.swift; sourceTree = "<group>"; };
/* End PBXFileReference section */

/* Begin PBXFrameworksBuildPhase section */
		7BF43D222742E81B0021EF50 /* Frameworks */ = {
			isa = PBXFrameworksBuildPhase;
			buildActionMask = 2147483647;
			files = (
			);
			runOnlyForDeploymentPostprocessing = 0;
		};
/* End PBXFrameworksBuildPhase section */

/* Begin PBXGroup section */
		7BF43D1C2742E81B0021EF50 = {
			isa = PBXGroup;
			children = (
				7BF43D272742E81B0021EF50 /* Candy */,
				7BF43D262742E81B0021EF50 /* Products */,
			);
			sourceTree = "<group>";
		};
		7BF43D262742E81B0021EF50 /* Products */ = {
			isa = PBXGroup;
			children = (
				7BF43D252742E81B0021EF50 /* Candy.app */,
			);
			name = Products;
			sourceTree = "<group>";
		};
		7BF43D272742E81B0021EF50 /* Candy */ = {
			isa = PBXGroup;
			children = (
				7BF43D3D2742F9270021EF50 /* Info.plist */,
				7BF43D382742F8FB0021EF50 /* Fonts */,
				7BF43D282742E81B0021EF50 /* CandyApp.swift */,
				7BF43D2A2742E81B0021EF50 /* ContentView.swift */,
				7BF43D2C2742E81C0021EF50 /* Assets.xcassets */,
				7BF43D2E2742E81C0021EF50 /* Preview Content */,
				7BF43D442743130B0021EF50 /* AppMoney.swift */,
			);
			path = Candy;
			sourceTree = "<group>";
		};
		7BF43D2E2742E81C0021EF50 /* Preview Content */ = {
			isa = PBXGroup;
			children = (
				7BF43D42274307CC0021EF50 /* Color.swift */,
				7BF43D2F2742E81C0021EF50 /* Preview Assets.xcassets */,
			);
			path = "Preview Content";
			sourceTree = "<group>";
		};
		7BF43D382742F8FB0021EF50 /* Fonts */ = {
			isa = PBXGroup;
			children = (
				7BF43D392742F90B0021EF50 /* Nunito-Regular.ttf */,
				7BF43D3B2742F9200021EF50 /* Nunito-Bold.ttf */,
			);
			path = Fonts;
			sourceTree = "<group>";
		};
/* End PBXGroup section */

/* Begin PBXNativeTarget section */
		7BF43D242742E81B0021EF50 /* Candy */ = {
			isa = PBXNativeTarget;
			buildConfigurationList = 7BF43D332742E81C0021EF50 /* Build configuration list for PBXNativeTarget "Candy" */;
			buildPhases = (
				7BF43D212742E81B0021EF50 /* Sources */,
				7BF43D222742E81B0021EF50 /* Frameworks */,
				7BF43D232742E81B0021EF50 /* Resources */,
			);
			buildRules = (
			);
			dependencies = (
			);
			name = Candy;
			productName = Candy;
			productReference = 7BF43D252742E81B0021EF50 /* Candy.app */;
			productType = "com.apple.product-type.application";
		};
/* End PBXNativeTarget section */

/* Begin PBXProject section */
		7BF43D1D2742E81B0021EF50 /* Project object */ = {
			isa = PBXProject;
			attributes = {
				BuildIndependentTargetsInParallel = 1;
				LastSwiftUpdateCheck = 1310;
				LastUpgradeCheck = 1310;
				TargetAttributes = {
					7BF43D242742E81B0021EF50 = {
						CreatedOnToolsVersion = 13.1;
					};
				};
			};
			buildConfigurationList = 7BF43D202742E81B0021EF50 /* Build configuration list for PBXProject "Candy" */;
			compatibilityVersion = "Xcode 13.0";
			developmentRegion = en;
			hasScannedForEncodings = 0;
			knownRegions = (
				en,
				Base,
			);
			mainGroup = 7BF43D1C2742E81B0021EF50;
			productRefGroup = 7BF43D262742E81B0021EF50 /* Products */;
			projectDirPath = "";
			projectRoot = "";
			targets = (
				7BF43D242742E81B0021EF50 /* Candy */,
			);
		};
/* End PBXProject section */

/* Begin PBXResourcesBuildPhase section */
		7BF43D232742E81B0021EF50 /* Resources */ = {
			isa = PBXResourcesBuildPhase;
			buildActionMask = 2147483647;
			files = (
				7BF43D3A2742F90B0021EF50 /* Nunito-Regular.ttf in Resources */,
				7BF43D302742E81C0021EF50 /* Preview Assets.xcassets in Resources */,
				7BF43D3C2742F9200021EF50 /* Nunito-Bold.ttf in Resources */,
				7BF43D2D2742E81C0021EF50 /* Assets.xcassets in Resources */,
			);
			runOnlyForDeploymentPostprocessing = 0;
		};
/* End PBXResourcesBuildPhase section */

/* Begin PBXSourcesBuildPhase section */
		7BF43D212742E81B0021EF50 /* Sources */ = {
			isa = PBXSourcesBuildPhase;
			buildActionMask = 2147483647;
			files = (
				7BF43D2B2742E81B0021EF50 /* ContentView.swift in Sources */,
				7BF43D292742E81B0021EF50 /* CandyApp.swift in Sources */,
				7BF43D452743130B0021EF50 /* AppMoney.swift in Sources */,
				7BF43D43274307CC0021EF50 /* Color.swift in Sources */,
			);
			runOnlyForDeploymentPostprocessing = 0;
		};
/* End PBXSourcesBuildPhase section */

/* Begin XCBuildConfiguration section */
		7BF43D312742E81C0021EF50 /* Debug */ = {
			isa = XCBuildConfiguration;
			buildSettings = {
				ALWAYS_SEARCH_USER_PATHS = NO;
				CLANG_ANALYZER_NONNULL = YES;
				CLANG_ANALYZER_NUMBER_OBJECT_CONVERSION = YES_AGGRESSIVE;
				CLANG_CXX_LANGUAGE_STANDARD = "gnu++17";
				CLANG_CXX_LIBRARY = "libc++";
				CLANG_ENABLE_MODULES = YES;
				CLANG_ENABLE_OBJC_ARC = YES;
				CLANG_ENABLE_OBJC_WEAK = YES;
				CLANG_WARN_BLOCK_CAPTURE_AUTORELEASING = YES;
				CLANG_WARN_BOOL_CONVERSION = YES;
				CLANG_WARN_COMMA = YES;
				CLANG_WARN_CONSTANT_CONVERSION = YES;
				CLANG_WARN_DEPRECATED_OBJC_IMPLEMENTATIONS = YES;
				CLANG_WARN_DIRECT_OBJC_ISA_USAGE = YES_ERROR;
				CLANG_WARN_DOCUMENTATION_COMMENTS = YES;
				CLANG_WARN_EMPTY_BODY = YES;
				CLANG_WARN_ENUM_CONVERSION = YES;
				CLANG_WARN_INFINITE_RECURSION = YES;
				CLANG_WARN_INT_CONVERSION = YES;
				CLANG_WARN_NON_LITERAL_NULL_CONVERSION = YES;
				CLANG_WARN_OBJC_IMPLICIT_RETAIN_SELF = YES;
				CLANG_WARN_OBJC_LITERAL_CONVERSION = YES;
				CLANG_WARN_OBJC_ROOT_CLASS = YES_ERROR;
				CLANG_WARN_QUOTED_INCLUDE_IN_FRAMEWORK_HEADER = YES;
				CLANG_WARN_RANGE_LOOP_ANALYSIS = YES;
				CLANG_WARN_STRICT_PROTOTYPES = YES;
				CLANG_WARN_SUSPICIOUS_MOVE = YES;
				CLANG_WARN_UNGUARDED_AVAILABILITY = YES_AGGRESSIVE;
				CLANG_WARN_UNREACHABLE_CODE = YES;
				CLANG_WARN__DUPLICATE_METHOD_MATCH = YES;
				COPY_PHASE_STRIP = NO;
				DEBUG_INFORMATION_FORMAT = dwarf;
				ENABLE_STRICT_OBJC_MSGSEND = YES;
				ENABLE_TESTABILITY = YES;
				GCC_C_LANGUAGE_STANDARD = gnu11;
				GCC_DYNAMIC_NO_PIC = NO;
				GCC_NO_COMMON_BLOCKS = YES;
				GCC_OPTIMIZATION_LEVEL = 0;
				GCC_PREPROCESSOR_DEFINITIONS = (
					"DEBUG=1",
					"$(inherited)",
				);
				GCC_WARN_64_TO_32_BIT_CONVERSION = YES;
				GCC_WARN_ABOUT_RETURN_TYPE = YES_ERROR;
				GCC_WARN_UNDECLARED_SELECTOR = YES;
				GCC_WARN_UNINITIALIZED_AUTOS = YES_AGGRESSIVE;
				GCC_WARN_UNUSED_FUNCTION = YES;
				GCC_WARN_UNUSED_VARIABLE = YES;
				IPHONEOS_DEPLOYMENT_TARGET = 15.0;
				MTL_ENABLE_DEBUG_INFO = INCLUDE_SOURCE;
				MTL_FAST_MATH = YES;
				ONLY_ACTIVE_ARCH = YES;
				SDKROOT = iphoneos;
				SWIFT_ACTIVE_COMPILATION_CONDITIONS = DEBUG;
				SWIFT_OPTIMIZATION_LEVEL = "-Onone";
			};
			name = Debug;
		};
		7BF43D322742E81C0021EF50 /* Release */ = {
			isa = XCBuildConfiguration;
			buildSettings = {
				ALWAYS_SEARCH_USER_PATHS = NO;
				CLANG_ANALYZER_NONNULL = YES;
				CLANG_ANALYZER_NUMBER_OBJECT_CONVERSION = YES_AGGRESSIVE;
				CLANG_CXX_LANGUAGE_STANDARD = "gnu++17";
				CLANG_CXX_LIBRARY = "libc++";
				CLANG_ENABLE_MODULES = YES;
				CLANG_ENABLE_OBJC_ARC = YES;
				CLANG_ENABLE_OBJC_WEAK = YES;
				CLANG_WARN_BLOCK_CAPTURE_AUTORELEASING = YES;
				CLANG_WARN_BOOL_CONVERSION = YES;
				CLANG_WARN_COMMA = YES;
				CLANG_WARN_CONSTANT_CONVERSION = YES;
				CLANG_WARN_DEPRECATED_OBJC_IMPLEMENTATIONS = YES;
				CLANG_WARN_DIRECT_OBJC_ISA_USAGE = YES_ERROR;
				CLANG_WARN_DOCUMENTATION_COMMENTS = YES;
				CLANG_WARN_EMPTY_BODY = YES;
				CLANG_WARN_ENUM_CONVERSION = YES;
				CLANG_WARN_INFINITE_RECURSION = YES;
				CLANG_WARN_INT_CONVERSION = YES;
				CLANG_WARN_NON_LITERAL_NULL_CONVERSION = YES;
				CLANG_WARN_OBJC_IMPLICIT_RETAIN_SELF = YES;
				CLANG_WARN_OBJC_LITERAL_CONVERSION = YES;
				CLANG_WARN_OBJC_ROOT_CLASS = YES_ERROR;
				CLANG_WARN_QUOTED_INCLUDE_IN_FRAMEWORK_HEADER = YES;
				CLANG_WARN_RANGE_LOOP_ANALYSIS = YES;
				CLANG_WARN_STRICT_PROTOTYPES = YES;
				CLANG_WARN_SUSPICIOUS_MOVE = YES;
				CLANG_WARN_UNGUARDED_AVAILABILITY = YES_AGGRESSIVE;
				CLANG_WARN_UNREACHABLE_CODE = YES;
				CLANG_WARN__DUPLICATE_METHOD_MATCH = YES;
				COPY_PHASE_STRIP = NO;
				DEBUG_INFORMATION_FORMAT = "dwarf-with-dsym";
				ENABLE_NS_ASSERTIONS = NO;
				ENABLE_STRICT_OBJC_MSGSEND = YES;
				GCC_C_LANGUAGE_STANDARD = gnu11;
				GCC_NO_COMMON_BLOCKS = YES;
				GCC_WARN_64_TO_32_BIT_CONVERSION = YES;
				GCC_WARN_ABOUT_RETURN_TYPE = YES_ERROR;
				GCC_WARN_UNDECLARED_SELECTOR = YES;
				GCC_WARN_UNINITIALIZED_AUTOS = YES_AGGRESSIVE;
				GCC_WARN_UNUSED_FUNCTION = YES;
				GCC_WARN_UNUSED_VARIABLE = YES;
				IPHONEOS_DEPLOYMENT_TARGET = 15.0;
				MTL_ENABLE_DEBUG_INFO = NO;
				MTL_FAST_MATH = YES;
				SDKROOT = iphoneos;
				SWIFT_COMPILATION_MODE = wholemodule;
				SWIFT_OPTIMIZATION_LEVEL = "-O";
				VALIDATE_PRODUCT = YES;
			};
			name = Release;
		};
		7BF43D342742E81C0021EF50 /* Debug */ = {
			isa = XCBuildConfiguration;
			buildSettings = {
				ASSETCATALOG_COMPILER_APPICON_NAME = AppIcon;
				ASSETCATALOG_COMPILER_GLOBAL_ACCENT_COLOR_NAME = AccentColor;
				CODE_SIGN_STYLE = Automatic;
				CURRENT_PROJECT_VERSION = 1;
				DEVELOPMENT_ASSET_PATHS = "\"Candy/Preview Content\"";
				DEVELOPMENT_TEAM = ML245MDNLL;
				ENABLE_PREVIEWS = YES;
				GENERATE_INFOPLIST_FILE = YES;
				INFOPLIST_FILE = Candy/Info.plist;
				INFOPLIST_KEY_UIApplicationSceneManifest_Generation = YES;
				INFOPLIST_KEY_UIApplicationSupportsIndirectInputEvents = YES;
				INFOPLIST_KEY_UILaunchScreen_Generation = YES;
				INFOPLIST_KEY_UISupportedInterfaceOrientations_iPad = "UIInterfaceOrientationPortrait UIInterfaceOrientationPortraitUpsideDown UIInterfaceOrientationLandscapeLeft UIInterfaceOrientationLandscapeRight";
				INFOPLIST_KEY_UISupportedInterfaceOrientations_iPhone = "UIInterfaceOrientationPortrait UIInterfaceOrientationLandscapeLeft UIInterfaceOrientationLandscapeRight";
				LD_RUNPATH_SEARCH_PATHS = (
					"$(inherited)",
					"@executable_path/Frameworks",
				);
				MARKETING_VERSION = 1.0;
				PRODUCT_BUNDLE_IDENTIFIER = com.amazingvitor.Candy;
				PRODUCT_NAME = "$(TARGET_NAME)";
				SWIFT_EMIT_LOC_STRINGS = YES;
				SWIFT_VERSION = 5.0;
				TARGETED_DEVICE_FAMILY = "1,2";
			};
			name = Debug;
		};
		7BF43D352742E81C0021EF50 /* Release */ = {
			isa = XCBuildConfiguration;
			buildSettings = {
				ASSETCATALOG_COMPILER_APPICON_NAME = AppIcon;
				ASSETCATALOG_COMPILER_GLOBAL_ACCENT_COLOR_NAME = AccentColor;
				CODE_SIGN_STYLE = Automatic;
				CURRENT_PROJECT_VERSION = 1;
				DEVELOPMENT_ASSET_PATHS = "\"Candy/Preview Content\"";
				DEVELOPMENT_TEAM = ML245MDNLL;
				ENABLE_PREVIEWS = YES;
				GENERATE_INFOPLIST_FILE = YES;
				INFOPLIST_FILE = Candy/Info.plist;
				INFOPLIST_KEY_UIApplicationSceneManifest_Generation = YES;
				INFOPLIST_KEY_UIApplicationSupportsIndirectInputEvents = YES;
				INFOPLIST_KEY_UILaunchScreen_Generation = YES;
				INFOPLIST_KEY_UISupportedInterfaceOrientations_iPad = "UIInterfaceOrientationPortrait UIInterfaceOrientationPortraitUpsideDown UIInterfaceOrientationLandscapeLeft UIInterfaceOrientationLandscapeRight";
				INFOPLIST_KEY_UISupportedInterfaceOrientations_iPhone = "UIInterfaceOrientationPortrait UIInterfaceOrientationLandscapeLeft UIInterfaceOrientationLandscapeRight";
				LD_RUNPATH_SEARCH_PATHS = (
					"$(inherited)",
					"@executable_path/Frameworks",
				);
				MARKETING_VERSION = 1.0;
				PRODUCT_BUNDLE_IDENTIFIER = com.amazingvitor.Candy;
				PRODUCT_NAME = "$(TARGET_NAME)";
				SWIFT_EMIT_LOC_STRINGS = YES;
				SWIFT_VERSION = 5.0;
				TARGETED_DEVICE_FAMILY = "1,2";
			};
			name = Release;
		};
/* End XCBuildConfiguration section */

/* Begin XCConfigurationList section */
		7BF43D202742E81B0021EF50 /* Build configuration list for PBXProject "Candy" */ = {
			isa = XCConfigurationList;
			buildConfigurations = (
				7BF43D312742E81C0021EF50 /* Debug */,
				7BF43D322742E81C0021EF50 /* Release */,
			);
			defaultConfigurationIsVisible = 0;
			defaultConfigurationName = Release;
		};
		7BF43D332742E81C0021EF50 /* Build configuration list for PBXNativeTarget "Candy" */ = {
			isa = XCConfigurationList;
			buildConfigurations = (
				7BF43D342742E81C0021EF50 /* Debug */,
				7BF43D352742E81C0021EF50 /* Release */,
			);
			defaultConfigurationIsVisible = 0;
			defaultConfigurationName = Release;
		};
/* End XCConfigurationList section */
	};
	rootObject = 7BF43D1D2742E81B0021EF50 /* Project object */;
}
